
Microsoft Visual Studio Solution File, Format Version 12.00
# Visual Studio Version 17
VisualStudioVersion = 17.8.34511.84
MinimumVisualStudioVersion = 10.0.40219.1
Project("{9A19103F-16F7-4668-BE54-9A1E7A4F7556}") = "LinkShortener.Api", "LinkShortener.Api\LinkShortener.Api.csproj", "{657D9D4E-B59E-4A39-8CFF-8E3B139E657C}"
EndProject
Project("{9A19103F-16F7-4668-BE54-9A1E7A4F7556}") = "LinkShortener.Persistence", "LinkShortener.Persistence\LinkShortener.Persistence.csproj", "{EAACE5FC-BCDD-46C2-AF12-E4F25A41B6D7}"
EndProject
Project("{9A19103F-16F7-4668-BE54-9A1E7A4F7556}") = "LinkShortener.Application", "LinkShortener.Application\LinkShortener.Application.csproj", "{8B582737-EBA0-4ADB-BCC0-9AFD3EBD14C3}"
EndProject
Project("{FAE04EC0-301F-11D3-BF4B-00C04F79EFBC}") = "LinkShortener.TestSuite", "LinkShortener.TestSuite\LinkShortener.TestSuite.csproj", "{22584C17-9511-437B-891A-E6E1336E5601}"
EndProject
Project("{FAE04EC0-301F-11D3-BF4B-00C04F79EFBC}") = "LinkShortener.Domain", "LinkShortener.Domain\LinkShortener.Domain.csproj", "{D5A8C3D3-A1B3-4D64-A8E4-3E2591398FC9}"
EndProject
Global
	GlobalSection(SolutionConfigurationPlatforms) = preSolution
		Debug|Any CPU = Debug|Any CPU
		Release|Any CPU = Release|Any CPU
	EndGlobalSection
	GlobalSection(ProjectConfigurationPlatforms) = postSolution
		{657D9D4E-B59E-4A39-8CFF-8E3B139E657C}.Debug|Any CPU.ActiveCfg = Debug|Any CPU
		{657D9D4E-B59E-4A39-8CFF-8E3B139E657C}.Debug|Any CPU.Build.0 = Debug|Any CPU
		{657D9D4E-B59E-4A39-8CFF-8E3B139E657C}.Release|Any CPU.ActiveCfg = Release|Any CPU
		{657D9D4E-B59E-4A39-8CFF-8E3B139E657C}.Release|Any CPU.Build.0 = Release|Any CPU
		{EAACE5FC-BCDD-46C2-AF12-E4F25A41B6D7}.Debug|Any CPU.ActiveCfg = Debug|Any CPU
		{EAACE5FC-BCDD-46C2-AF12-E4F25A41B6D7}.Debug|Any CPU.Build.0 = Debug|Any CPU
		{EAACE5FC-BCDD-46C2-AF12-E4F25A41B6D7}.Release|Any CPU.ActiveCfg = Release|Any CPU
		{EAACE5FC-BCDD-46C2-AF12-E4F25A41B6D7}.Release|Any CPU.Build.0 = Release|Any CPU
		{8B582737-EBA0-4ADB-BCC0-9AFD3EBD14C3}.Debug|Any CPU.ActiveCfg = Debug|Any CPU
		{8B582737-EBA0-4ADB-BCC0-9AFD3EBD14C3}.Debug|Any CPU.Build.0 = Debug|Any CPU
		{8B582737-EBA0-4ADB-BCC0-9AFD3EBD14C3}.Release|Any CPU.ActiveCfg = Release|Any CPU
		{8B582737-EBA0-4ADB-BCC0-9AFD3EBD14C3}.Release|Any CPU.Build.0 = Release|Any CPU
		{22584C17-9511-437B-891A-E6E1336E5601}.Debug|Any CPU.ActiveCfg = Debug|Any CPU
		{22584C17-9511-437B-891A-E6E1336E5601}.Debug|Any CPU.Build.0 = Debug|Any CPU
		{22584C17-9511-437B-891A-E6E1336E5601}.Release|Any CPU.ActiveCfg = Release|Any CPU
		{22584C17-9511-437B-891A-E6E1336E5601}.Release|Any CPU.Build.0 = Release|Any CPU
		{D5A8C3D3-A1B3-4D64-A8E4-3E2591398FC9}.Debug|Any CPU.ActiveCfg = Debug|Any CPU
		{D5A8C3D3-A1B3-4D64-A8E4-3E2591398FC9}.Debug|Any CPU.Build.0 = Debug|Any CPU
		{D5A8C3D3-A1B3-4D64-A8E4-3E2591398FC9}.Release|Any CPU.ActiveCfg = Release|Any CPU
		{D5A8C3D3-A1B3-4D64-A8E4-3E2591398FC9}.Release|Any CPU.Build.0 = Release|Any CPU
	EndGlobalSection
	GlobalSection(SolutionProperties) = preSolution
		HideSolutionNode = FALSE
	EndGlobalSection
	GlobalSection(ExtensibilityGlobals) = postSolution
		SolutionGuid = {9250CD70-F216-45E3-837B-CE7983823D22}
	EndGlobalSection
EndGlobal
